// !$*UTF8*$!
{
	archiveVersion = 1;
	classes = {
	};
	objectVersion = 50;
	objects = {

/* Begin PBXBuildFile section */
		21FCC5B623F17BE300684860 /* AppDelegate.m in Sources */ = {isa = PBXBuildFile; fileRef = 21FCC5B523F17BE300684860 /* AppDelegate.m */; };
		21FCC5B923F17BE300684860 /* SceneDelegate.m in Sources */ = {isa = PBXBuildFile; fileRef = 21FCC5B823F17BE300684860 /* SceneDelegate.m */; };
		21FCC5BC23F17BE300684860 /* ViewController.m in Sources */ = {isa = PBXBuildFile; fileRef = 21FCC5BB23F17BE300684860 /* ViewController.m */; };
		21FCC5BF23F17BE300684860 /* Main.storyboard in Resources */ = {isa = PBXBuildFile; fileRef = 21FCC5BD23F17BE300684860 /* Main.storyboard */; };
		21FCC5C123F17BE700684860 /* Assets.xcassets in Resources */ = {isa = PBXBuildFile; fileRef = 21FCC5C023F17BE700684860 /* Assets.xcassets */; };
		21FCC5C423F17BE700684860 /* LaunchScreen.storyboard in Resources */ = {isa = PBXBuildFile; fileRef = 21FCC5C223F17BE700684860 /* LaunchScreen.storyboard */; };
		21FCC5C723F17BE700684860 /* main.m in Sources */ = {isa = PBXBuildFile; fileRef = 21FCC5C623F17BE700684860 /* main.m */; };
		7E66B281B1E7407D1682D909 /* libPods-rpi-multimedia-controller.a in Frameworks */ = {isa = PBXBuildFile; fileRef = 78665A75CA531D6214F36D6C /* libPods-rpi-multimedia-controller.a */; };
/* End PBXBuildFile section */

/* Begin PBXFileReference section */
		21FCC5B123F17BE300684860 /* rpi-multimedia-controller.app */ = {isa = PBXFileReference; explicitFileType = wrapper.application; includeInIndex = 0; path = "rpi-multimedia-controller.app"; sourceTree = BUILT_PRODUCTS_DIR; };
		21FCC5B423F17BE300684860 /* AppDelegate.h */ = {isa = PBXFileReference; lastKnownFileType = sourcecode.c.h; path = AppDelegate.h; sourceTree = "<group>"; };
		21FCC5B523F17BE300684860 /* AppDelegate.m */ = {isa = PBXFileReference; lastKnownFileType = sourcecode.c.objc; path = AppDelegate.m; sourceTree = "<group>"; };
		21FCC5B723F17BE300684860 /* SceneDelegate.h */ = {isa = PBXFileReference; lastKnownFileType = sourcecode.c.h; path = SceneDelegate.h; sourceTree = "<group>"; };
		21FCC5B823F17BE300684860 /* SceneDelegate.m */ = {isa = PBXFileReference; lastKnownFileType = sourcecode.c.objc; path = SceneDelegate.m; sourceTree = "<group>"; };
		21FCC5BA23F17BE300684860 /* ViewController.h */ = {isa = PBXFileReference; lastKnownFileType = sourcecode.c.h; path = ViewController.h; sourceTree = "<group>"; };
		21FCC5BB23F17BE300684860 /* ViewController.m */ = {isa = PBXFileReference; lastKnownFileType = sourcecode.c.objc; path = ViewController.m; sourceTree = "<group>"; };
		21FCC5BE23F17BE300684860 /* Base */ = {isa = PBXFileReference; lastKnownFileType = file.storyboard; name = Base; path = Base.lproj/Main.storyboard; sourceTree = "<group>"; };
		21FCC5C023F17BE700684860 /* Assets.xcassets */ = {isa = PBXFileReference; lastKnownFileType = folder.assetcatalog; path = Assets.xcassets; sourceTree = "<group>"; };
		21FCC5C323F17BE700684860 /* Base */ = {isa = PBXFileReference; lastKnownFileType = file.storyboard; name = Base; path = Base.lproj/LaunchScreen.storyboard; sourceTree = "<group>"; };
		21FCC5C523F17BE700684860 /* Info.plist */ = {isa = PBXFileReference; lastKnownFileType = text.plist.xml; path = Info.plist; sourceTree = "<group>"; };
		21FCC5C623F17BE700684860 /* main.m */ = {isa = PBXFileReference; lastKnownFileType = sourcecode.c.objc; path = main.m; sourceTree = "<group>"; };
		78665A75CA531D6214F36D6C /* libPods-rpi-multimedia-controller.a */ = {isa = PBXFileReference; explicitFileType = archive.ar; includeInIndex = 0; path = "libPods-rpi-multimedia-controller.a"; sourceTree = BUILT_PRODUCTS_DIR; };
		AE269BEB2D19D37D9D3B5020 /* Pods-rpi-multimedia-controller.debug.xcconfig */ = {isa = PBXFileReference; includeInIndex = 1; lastKnownFileType = text.xcconfig; name = "Pods-rpi-multimedia-controller.debug.xcconfig"; path = "Target Support Files/Pods-rpi-multimedia-controller/Pods-rpi-multimedia-controller.debug.xcconfig"; sourceTree = "<group>"; };
		DDABBC3F9A1A473AD26AF36B /* Pods-rpi-multimedia-controller.release.xcconfig */ = {isa = PBXFileReference; includeInIndex = 1; lastKnownFileType = text.xcconfig; name = "Pods-rpi-multimedia-controller.release.xcconfig"; path = "Target Support Files/Pods-rpi-multimedia-controller/Pods-rpi-multimedia-controller.release.xcconfig"; sourceTree = "<group>"; };
/* End PBXFileReference section */

/* Begin PBXFrameworksBuildPhase section */
		21FCC5AE23F17BE300684860 /* Frameworks */ = {
			isa = PBXFrameworksBuildPhase;
			buildActionMask = 2147483647;
			files = (
				7E66B281B1E7407D1682D909 /* libPods-rpi-multimedia-controller.a in Frameworks */,
			);
			runOnlyForDeploymentPostprocessing = 0;
		};
/* End PBXFrameworksBuildPhase section */

/* Begin PBXGroup section */
		21FCC5A823F17BE300684860 = {
			isa = PBXGroup;
			children = (
				21FCC5B323F17BE300684860 /* rpi-multimedia-controller */,
				21FCC5B223F17BE300684860 /* Products */,
				EEEEC8D460F5B80F8E681EEA /* Pods */,
				7F2A728E0F206BA97153D541 /* Frameworks */,
			);
			sourceTree = "<group>";
		};
		21FCC5B223F17BE300684860 /* Products */ = {
			isa = PBXGroup;
			children = (
				21FCC5B123F17BE300684860 /* rpi-multimedia-controller.app */,
			);
			name = Products;
			sourceTree = "<group>";
		};
		21FCC5B323F17BE300684860 /* rpi-multimedia-controller */ = {
			isa = PBXGroup;
			children = (
				21FCC5B423F17BE300684860 /* AppDelegate.h */,
				21FCC5B523F17BE300684860 /* AppDelegate.m */,
				21FCC5B723F17BE300684860 /* SceneDelegate.h */,
				21FCC5B823F17BE300684860 /* SceneDelegate.m */,
				21FCC5BA23F17BE300684860 /* ViewController.h */,
				21FCC5BB23F17BE300684860 /* ViewController.m */,
				21FCC5BD23F17BE300684860 /* Main.storyboard */,
				21FCC5C023F17BE700684860 /* Assets.xcassets */,
				21FCC5C223F17BE700684860 /* LaunchScreen.storyboard */,
				21FCC5C523F17BE700684860 /* Info.plist */,
				21FCC5C623F17BE700684860 /* main.m */,
			);
			path = "rpi-multimedia-controller";
			sourceTree = "<group>";
		};
		7F2A728E0F206BA97153D541 /* Frameworks */ = {
			isa = PBXGroup;
			children = (
				78665A75CA531D6214F36D6C /* libPods-rpi-multimedia-controller.a */,
			);
			name = Frameworks;
			sourceTree = "<group>";
		};
		EEEEC8D460F5B80F8E681EEA /* Pods */ = {
			isa = PBXGroup;
			children = (
				AE269BEB2D19D37D9D3B5020 /* Pods-rpi-multimedia-controller.debug.xcconfig */,
				DDABBC3F9A1A473AD26AF36B /* Pods-rpi-multimedia-controller.release.xcconfig */,
			);
			name = Pods;
			path = Pods;
			sourceTree = "<group>";
		};
/* End PBXGroup section */

/* Begin PBXNativeTarget section */
		21FCC5B023F17BE300684860 /* rpi-multimedia-controller */ = {
			isa = PBXNativeTarget;
			buildConfigurationList = 21FCC5CA23F17BE700684860 /* Build configuration list for PBXNativeTarget "rpi-multimedia-controller" */;
			buildPhases = (
				080DACCC61328093F39F375C /* [CP] Check Pods Manifest.lock */,
				21FCC5AD23F17BE300684860 /* Sources */,
				21FCC5AE23F17BE300684860 /* Frameworks */,
				21FCC5AF23F17BE300684860 /* Resources */,
			);
			buildRules = (
			);
			dependencies = (
			);
			name = "rpi-multimedia-controller";
			productName = "rpi-multimedia-controller";
			productReference = 21FCC5B123F17BE300684860 /* rpi-multimedia-controller.app */;
			productType = "com.apple.product-type.application";
		};
/* End PBXNativeTarget section */

/* Begin PBXProject section */
		21FCC5A923F17BE300684860 /* Project object */ = {
			isa = PBXProject;
			attributes = {
				LastUpgradeCheck = 1100;
				ORGANIZATIONNAME = private;
				TargetAttributes = {
					21FCC5B023F17BE300684860 = {
						CreatedOnToolsVersion = 11.0;
					};
				};
			};
			buildConfigurationList = 21FCC5AC23F17BE300684860 /* Build configuration list for PBXProject "rpi-multimedia-controller" */;
			compatibilityVersion = "Xcode 9.3";
			developmentRegion = en;
			hasScannedForEncodings = 0;
			knownRegions = (
				en,
				Base,
			);
			mainGroup = 21FCC5A823F17BE300684860;
			productRefGroup = 21FCC5B223F17BE300684860 /* Products */;
			projectDirPath = "";
			projectRoot = "";
			targets = (
				21FCC5B023F17BE300684860 /* rpi-multimedia-controller */,
			);
		};
/* End PBXProject section */

/* Begin PBXResourcesBuildPhase section */
		21FCC5AF23F17BE300684860 /* Resources */ = {
			isa = PBXResourcesBuildPhase;
			buildActionMask = 2147483647;
			files = (
				21FCC5C423F17BE700684860 /* LaunchScreen.storyboard in Resources */,
				21FCC5C123F17BE700684860 /* Assets.xcassets in Resources */,
				21FCC5BF23F17BE300684860 /* Main.storyboard in Resources */,
			);
			runOnlyForDeploymentPostprocessing = 0;
		};
/* End PBXResourcesBuildPhase section */

/* Begin PBXShellScriptBuildPhase section */
		080DACCC61328093F39F375C /* [CP] Check Pods Manifest.lock */ = {
			isa = PBXShellScriptBuildPhase;
			buildActionMask = 2147483647;
			files = (
			);
			inputFileListPaths = (
			);
			inputPaths = (
				"${PODS_PODFILE_DIR_PATH}/Podfile.lock",
				"${PODS_ROOT}/Manifest.lock",
			);
			name = "[CP] Check Pods Manifest.lock";
			outputFileListPaths = (
			);
			outputPaths = (
				"$(DERIVED_FILE_DIR)/Pods-rpi-multimedia-controller-checkManifestLockResult.txt",
			);
			runOnlyForDeploymentPostprocessing = 0;
			shellPath = /bin/sh;
			shellScript = "diff \"${PODS_PODFILE_DIR_PATH}/Podfile.lock\" \"${PODS_ROOT}/Manifest.lock\" > /dev/null\nif [ $? != 0 ] ; then\n    # print error to STDERR\n    echo \"error: The sandbox is not in sync with the Podfile.lock. Run 'pod install' or update your CocoaPods installation.\" >&2\n    exit 1\nfi\n# This output is used by Xcode 'outputs' to avoid re-running this script phase.\necho \"SUCCESS\" > \"${SCRIPT_OUTPUT_FILE_0}\"\n";
			showEnvVarsInLog = 0;
		};
/* End PBXShellScriptBuildPhase section */

/* Begin PBXSourcesBuildPhase section */
		21FCC5AD23F17BE300684860 /* Sources */ = {
			isa = PBXSourcesBuildPhase;
			buildActionMask = 2147483647;
			files = (
				21FCC5BC23F17BE300684860 /* ViewController.m in Sources */,
				21FCC5B623F17BE300684860 /* AppDelegate.m in Sources */,
				21FCC5C723F17BE700684860 /* main.m in Sources */,
				21FCC5B923F17BE300684860 /* SceneDelegate.m in Sources */,
			);
			runOnlyForDeploymentPostprocessing = 0;
		};
/* End PBXSourcesBuildPhase section */

/* Begin PBXVariantGroup section */
		21FCC5BD23F17BE300684860 /* Main.storyboard */ = {
			isa = PBXVariantGroup;
			children = (
				21FCC5BE23F17BE300684860 /* Base */,
			);
			name = Main.storyboard;
			sourceTree = "<group>";
		};
		21FCC5C223F17BE700684860 /* LaunchScreen.storyboard */ = {
			isa = PBXVariantGroup;
			children = (
				21FCC5C323F17BE700684860 /* Base */,
			);
			name = LaunchScreen.storyboard;
			sourceTree = "<group>";
		};
/* End PBXVariantGroup section */

/* Begin XCBuildConfiguration section */
		21FCC5C823F17BE700684860 /* Debug */ = {
			isa = XCBuildConfiguration;
			buildSettings = {
				ALWAYS_SEARCH_USER_PATHS = NO;
				CLANG_ANALYZER_NONNULL = YES;
				CLANG_ANALYZER_NUMBER_OBJECT_CONVERSION = YES_AGGRESSIVE;
				CLANG_CXX_LANGUAGE_STANDARD = "gnu++14";
				CLANG_CXX_LIBRARY = "libc++";
				CLANG_ENABLE_MODULES = YES;
				CLANG_ENABLE_OBJC_ARC = YES;
				CLANG_ENABLE_OBJC_WEAK = YES;
				CLANG_WARN_BLOCK_CAPTURE_AUTORELEASING = YES;
				CLANG_WARN_BOOL_CONVERSION = YES;
				CLANG_WARN_COMMA = YES;
				CLANG_WARN_CONSTANT_CONVERSION = YES;
				CLANG_WARN_DEPRECATED_OBJC_IMPLEMENTATIONS = YES;
				CLANG_WARN_DIRECT_OBJC_ISA_USAGE = YES_ERROR;
				CLANG_WARN_DOCUMENTATION_COMMENTS = YES;
				CLANG_WARN_EMPTY_BODY = YES;
				CLANG_WARN_ENUM_CONVERSION = YES;
				CLANG_WARN_INFINITE_RECURSION = YES;
				CLANG_WARN_INT_CONVERSION = YES;
				CLANG_WARN_NON_LITERAL_NULL_CONVERSION = YES;
				CLANG_WARN_OBJC_IMPLICIT_RETAIN_SELF = YES;
				CLANG_WARN_OBJC_LITERAL_CONVERSION = YES;
				CLANG_WARN_OBJC_ROOT_CLASS = YES_ERROR;
				CLANG_WARN_RANGE_LOOP_ANALYSIS = YES;
				CLANG_WARN_STRICT_PROTOTYPES = YES;
				CLANG_WARN_SUSPICIOUS_MOVE = YES;
				CLANG_WARN_UNGUARDED_AVAILABILITY = YES_AGGRESSIVE;
				CLANG_WARN_UNREACHABLE_CODE = YES;
				CLANG_WARN__DUPLICATE_METHOD_MATCH = YES;
				COPY_PHASE_STRIP = NO;
				DEBUG_INFORMATION_FORMAT = dwarf;
				ENABLE_STRICT_OBJC_MSGSEND = YES;
				ENABLE_TESTABILITY = YES;
				GCC_C_LANGUAGE_STANDARD = gnu11;
				GCC_DYNAMIC_NO_PIC = NO;
				GCC_NO_COMMON_BLOCKS = YES;
				GCC_OPTIMIZATION_LEVEL = 0;
				GCC_PREPROCESSOR_DEFINITIONS = (
					"DEBUG=1",
					"$(inherited)",
				);
				GCC_WARN_64_TO_32_BIT_CONVERSION = YES;
				GCC_WARN_ABOUT_RETURN_TYPE = YES_ERROR;
				GCC_WARN_UNDECLARED_SELECTOR = YES;
				GCC_WARN_UNINITIALIZED_AUTOS = YES_AGGRESSIVE;
				GCC_WARN_UNUSED_FUNCTION = YES;
				GCC_WARN_UNUSED_VARIABLE = YES;
				IPHONEOS_DEPLOYMENT_TARGET = 13.0;
				MTL_ENABLE_DEBUG_INFO = INCLUDE_SOURCE;
				MTL_FAST_MATH = YES;
				ONLY_ACTIVE_ARCH = YES;
				SDKROOT = iphoneos;
			};
			name = Debug;
		};
		21FCC5C923F17BE700684860 /* Release */ = {
			isa = XCBuildConfiguration;
			buildSettings = {
				ALWAYS_SEARCH_USER_PATHS = NO;
				CLANG_ANALYZER_NONNULL = YES;
				CLANG_ANALYZER_NUMBER_OBJECT_CONVERSION = YES_AGGRESSIVE;
				CLANG_CXX_LANGUAGE_STANDARD = "gnu++14";
				CLANG_CXX_LIBRARY = "libc++";
				CLANG_ENABLE_MODULES = YES;
				CLANG_ENABLE_OBJC_ARC = YES;
				CLANG_ENABLE_OBJC_WEAK = YES;
				CLANG_WARN_BLOCK_CAPTURE_AUTORELEASING = YES;
				CLANG_WARN_BOOL_CONVERSION = YES;
				CLANG_WARN_COMMA = YES;
				CLANG_WARN_CONSTANT_CONVERSION = YES;
				CLANG_WARN_DEPRECATED_OBJC_IMPLEMENTATIONS = YES;
				CLANG_WARN_DIRECT_OBJC_ISA_USAGE = YES_ERROR;
				CLANG_WARN_DOCUMENTATION_COMMENTS = YES;
				CLANG_WARN_EMPTY_BODY = YES;
				CLANG_WARN_ENUM_CONVERSION = YES;
				CLANG_WARN_INFINITE_RECURSION = YES;
				CLANG_WARN_INT_CONVERSION = YES;
				CLANG_WARN_NON_LITERAL_NULL_CONVERSION = YES;
				CLANG_WARN_OBJC_IMPLICIT_RETAIN_SELF = YES;
				CLANG_WARN_OBJC_LITERAL_CONVERSION = YES;
				CLANG_WARN_OBJC_ROOT_CLASS = YES_ERROR;
				CLANG_WARN_RANGE_LOOP_ANALYSIS = YES;
				CLANG_WARN_STRICT_PROTOTYPES = YES;
				CLANG_WARN_SUSPICIOUS_MOVE = YES;
				CLANG_WARN_UNGUARDED_AVAILABILITY = YES_AGGRESSIVE;
				CLANG_WARN_UNREACHABLE_CODE = YES;
				CLANG_WARN__DUPLICATE_METHOD_MATCH = YES;
				COPY_PHASE_STRIP = NO;
				DEBUG_INFORMATION_FORMAT = "dwarf-with-dsym";
				ENABLE_NS_ASSERTIONS = NO;
				ENABLE_STRICT_OBJC_MSGSEND = YES;
				GCC_C_LANGUAGE_STANDARD = gnu11;
				GCC_NO_COMMON_BLOCKS = YES;
				GCC_WARN_64_TO_32_BIT_CONVERSION = YES;
				GCC_WARN_ABOUT_RETURN_TYPE = YES_ERROR;
				GCC_WARN_UNDECLARED_SELECTOR = YES;
				GCC_WARN_UNINITIALIZED_AUTOS = YES_AGGRESSIVE;
				GCC_WARN_UNUSED_FUNCTION = YES;
				GCC_WARN_UNUSED_VARIABLE = YES;
				IPHONEOS_DEPLOYMENT_TARGET = 13.0;
				MTL_ENABLE_DEBUG_INFO = NO;
				MTL_FAST_MATH = YES;
				SDKROOT = iphoneos;
				VALIDATE_PRODUCT = YES;
			};
			name = Release;
		};
		21FCC5CB23F17BE700684860 /* Debug */ = {
			isa = XCBuildConfiguration;
			baseConfigurationReference = AE269BEB2D19D37D9D3B5020 /* Pods-rpi-multimedia-controller.debug.xcconfig */;
			buildSettings = {
				ASSETCATALOG_COMPILER_APPICON_NAME = AppIcon;
				CODE_SIGN_STYLE = Automatic;
				DEVELOPMENT_TEAM = R96VZHJ56V;
				INFOPLIST_FILE = "rpi-multimedia-controller/Info.plist";
				LD_RUNPATH_SEARCH_PATHS = (
					"$(inherited)",
					"@executable_path/Frameworks",
				);
				PRODUCT_BUNDLE_IDENTIFIER = "hu.private.rpi-multimedia-controller";
				PRODUCT_NAME = "$(TARGET_NAME)";
				TARGETED_DEVICE_FAMILY = "1,2";
			};
			name = Debug;
		};
		21FCC5CC23F17BE700684860 /* Release */ = {
			isa = XCBuildConfiguration;
			baseConfigurationReference = DDABBC3F9A1A473AD26AF36B /* Pods-rpi-multimedia-controller.release.xcconfig */;
			buildSettings = {
				ASSETCATALOG_COMPILER_APPICON_NAME = AppIcon;
				CODE_SIGN_STYLE = Automatic;
				DEVELOPMENT_TEAM = R96VZHJ56V;
				INFOPLIST_FILE = "rpi-multimedia-controller/Info.plist";
				LD_RUNPATH_SEARCH_PATHS = (
					"$(inherited)",
					"@executable_path/Frameworks",
				);
				PRODUCT_BUNDLE_IDENTIFIER = "hu.private.rpi-multimedia-controller";
				PRODUCT_NAME = "$(TARGET_NAME)";
				TARGETED_DEVICE_FAMILY = "1,2";
			};
			name = Release;
		};
/* End XCBuildConfiguration section */

/* Begin XCConfigurationList section */
		21FCC5AC23F17BE300684860 /* Build configuration list for PBXProject "rpi-multimedia-controller" */ = {
			isa = XCConfigurationList;
			buildConfigurations = (
				21FCC5C823F17BE700684860 /* Debug */,
				21FCC5C923F17BE700684860 /* Release */,
			);
			defaultConfigurationIsVisible = 0;
			defaultConfigurationName = Release;
		};
		21FCC5CA23F17BE700684860 /* Build configuration list for PBXNativeTarget "rpi-multimedia-controller" */ = {
			isa = XCConfigurationList;
			buildConfigurations = (
				21FCC5CB23F17BE700684860 /* Debug */,
				21FCC5CC23F17BE700684860 /* Release */,
			);
			defaultConfigurationIsVisible = 0;
			defaultConfigurationName = Release;
		};
/* End XCConfigurationList section */
	};
	rootObject = 21FCC5A923F17BE300684860 /* Project object */;
}
